
Microsoft Visual Studio Solution File, Format Version 12.00
# Visual Studio Version 17
VisualStudioVersion = 17.8.34601.278
MinimumVisualStudioVersion = 10.0.40219.1
Project("{FAE04EC0-301F-11D3-BF4B-00C04F79EFBC}") = "CommonLib", "CommonLib\CommonLib.csproj", "{3C86E482-6B7E-4870-95C6-58DFCCE8ACCE}"
EndProject
Project("{FAE04EC0-301F-11D3-BF4B-00C04F79EFBC}") = "ImgProcLib", "ImgProcLib\ImgProcLib.csproj", "{5943E875-678B-44A9-B8E4-25571FDF705F}"
EndProject
Project("{FAE04EC0-301F-11D3-BF4B-00C04F79EFBC}") = "DrawingLib", "DrawingLib\DrawingLib.csproj", "{FDE1A180-AA34-4F8D-8E41-9C256534B904}"
EndProject
Project("{FAE04EC0-301F-11D3-BF4B-00C04F79EFBC}") = "DeepLearningLib", "DeepLearningLib\DeepLearningLib.csproj", "{7F1E6ED6-2CD1-40C1-BA36-8DA28CB11C5A}"
EndProject
Project("{FAE04EC0-301F-11D3-BF4B-00C04F79EFBC}") = "DeepLearningWinFormsTest", "DeepLearningWinFormsTest\DeepLearningWinFormsTest.csproj", "{6E227057-AEDC-44BE-83CC-E464A0D1A5D2}"
EndProject
Global
	GlobalSection(SolutionConfigurationPlatforms) = preSolution
		Debug|Any CPU = Debug|Any CPU
		Release|Any CPU = Release|Any CPU
	EndGlobalSection
	GlobalSection(ProjectConfigurationPlatforms) = postSolution
		{3C86E482-6B7E-4870-95C6-58DFCCE8ACCE}.Debug|Any CPU.ActiveCfg = Debug|Any CPU
		{3C86E482-6B7E-4870-95C6-58DFCCE8ACCE}.Debug|Any CPU.Build.0 = Debug|Any CPU
		{3C86E482-6B7E-4870-95C6-58DFCCE8ACCE}.Release|Any CPU.ActiveCfg = Release|Any CPU
		{3C86E482-6B7E-4870-95C6-58DFCCE8ACCE}.Release|Any CPU.Build.0 = Release|Any CPU
		{5943E875-678B-44A9-B8E4-25571FDF705F}.Debug|Any CPU.ActiveCfg = Debug|Any CPU
		{5943E875-678B-44A9-B8E4-25571FDF705F}.Debug|Any CPU.Build.0 = Debug|Any CPU
		{5943E875-678B-44A9-B8E4-25571FDF705F}.Release|Any CPU.ActiveCfg = Release|Any CPU
		{5943E875-678B-44A9-B8E4-25571FDF705F}.Release|Any CPU.Build.0 = Release|Any CPU
		{FDE1A180-AA34-4F8D-8E41-9C256534B904}.Debug|Any CPU.ActiveCfg = Debug|Any CPU
		{FDE1A180-AA34-4F8D-8E41-9C256534B904}.Debug|Any CPU.Build.0 = Debug|Any CPU
		{FDE1A180-AA34-4F8D-8E41-9C256534B904}.Release|Any CPU.ActiveCfg = Release|Any CPU
		{FDE1A180-AA34-4F8D-8E41-9C256534B904}.Release|Any CPU.Build.0 = Release|Any CPU
		{7F1E6ED6-2CD1-40C1-BA36-8DA28CB11C5A}.Debug|Any CPU.ActiveCfg = Debug|Any CPU
		{7F1E6ED6-2CD1-40C1-BA36-8DA28CB11C5A}.Debug|Any CPU.Build.0 = Debug|Any CPU
		{7F1E6ED6-2CD1-40C1-BA36-8DA28CB11C5A}.Release|Any CPU.ActiveCfg = Release|Any CPU
		{7F1E6ED6-2CD1-40C1-BA36-8DA28CB11C5A}.Release|Any CPU.Build.0 = Release|Any CPU
		{6E227057-AEDC-44BE-83CC-E464A0D1A5D2}.Debug|Any CPU.ActiveCfg = Debug|Any CPU
		{6E227057-AEDC-44BE-83CC-E464A0D1A5D2}.Debug|Any CPU.Build.0 = Debug|Any CPU
		{6E227057-AEDC-44BE-83CC-E464A0D1A5D2}.Release|Any CPU.ActiveCfg = Release|Any CPU
		{6E227057-AEDC-44BE-83CC-E464A0D1A5D2}.Release|Any CPU.Build.0 = Release|Any CPU
	EndGlobalSection
	GlobalSection(SolutionProperties) = preSolution
		HideSolutionNode = FALSE
	EndGlobalSection
	GlobalSection(ExtensibilityGlobals) = postSolution
		SolutionGuid = {0D48362B-F565-43E4-A1FD-7D9B0DD006AD}
	EndGlobalSection
EndGlobal
